
Microsoft Visual Studio Solution File, Format Version 12.00
# Visual Studio Version 16
VisualStudioVersion = 16.0.29905.134
MinimumVisualStudioVersion = 10.0.40219.1
Project("{FAE04EC0-301F-11D3-BF4B-00C04F79EFBC}") = "DSP Examples", "DSP Examples.csproj", "{EE9A9049-1843-46AA-B50B-9678F0AFA85E}"
EndProject
Global
	GlobalSection(SolutionConfigurationPlatforms) = preSolution
		Debug|Any CPU = Debug|Any CPU
		Release|Any CPU = Release|Any CPU
	EndGlobalSection
	GlobalSection(ProjectConfigurationPlatforms) = postSolution
		{EE9A9049-1843-46AA-B50B-9678F0AFA85E}.Debug|Any CPU.ActiveCfg = Debug|Any CPU
		{EE9A9049-1843-46AA-B50B-9678F0AFA85E}.Debug|Any CPU.Build.0 = Debug|Any CPU
		{EE9A9049-1843-46AA-B50B-9678F0AFA85E}.Release|Any CPU.ActiveCfg = Release|Any CPU
		{EE9A9049-1843-46AA-B50B-9678F0AFA85E}.Release|Any CPU.Build.0 = Release|Any CPU
	EndGlobalSection
	GlobalSection(SolutionProperties) = preSolution
		HideSolutionNode = FALSE
	EndGlobalSection
	GlobalSection(ExtensibilityGlobals) = postSolution
		SolutionGuid = {361DFB34-C629-4978-8AE6-8DFC9024DDCC}
	EndGlobalSection
EndGlobal
